{
  "name": "react-app",
  "version": "0.1.0",
  "lockfileVersion": 1,
  "requires": true,
  "dependencies": {
    "typescript": {
      "version": "2.7.1",
      "resolved": "https://registry.npmjs.org/typescript/-/typescript-2.7.1.tgz",
      "integrity": "sha512-bqB1yS6o9TNA9ZC/MJxM0FZzPnZdtHj0xWK/IZ5khzVqdpGul/R/EIiHRgFXlwTD7PSIaYVnGKq1QgMCu2mnqw==",
      "dev": true
    },
    "typescript-styled-plugin": {
      "version": "0.5.0",
      "resolved": "https://registry.npmjs.org/typescript-styled-plugin/-/typescript-styled-plugin-0.5.0.tgz",
      "integrity": "sha512-eA+DqHTjgG33H31iByHgQsqhXaokuoulKKm+efEJ5d5JEajMpLCLjI1vz8IGdOoffd7Y78mPMaJSCdkm8phS8A==",
      "dev": true,
      "requires": {
        "typescript-template-language-service-decorator": "1.2.0",
        "vscode-css-languageservice": "3.0.5",
        "vscode-languageserver-types": "3.5.0"
      }
    },
    "typescript-template-language-service-decorator": {
      "version": "1.2.0",
      "resolved": "https://registry.npmjs.org/typescript-template-language-service-decorator/-/typescript-template-language-service-decorator-1.2.0.tgz",
      "integrity": "sha512-rF0jrvpYn6Ec2jnxBHF1st/HEl84LV7od8872o82zHgKEU1vFhT4x6fvuLi5UD0gl2gKv3zSefG18DoeUHE7ig==",
      "dev": true
    },
    "vscode-css-languageservice": {
      "version": "3.0.5",
      "resolved": "https://registry.npmjs.org/vscode-css-languageservice/-/vscode-css-languageservice-3.0.5.tgz",
      "integrity": "sha512-Ue8oVJBLyLHHDqDKKLzADBYKuQ+sNMmWc/ghY6MUbxGDwIIJvKMAfTqUto91icE7nCBsyQoHCsTRsrycV6J4Jg==",
      "dev": true,
      "requires": {
        "vscode-languageserver-types": "3.5.0",
        "vscode-nls": "2.0.2"
      }
    },
    "vscode-languageserver-types": {
      "version": "3.5.0",
      "resolved": "https://registry.npmjs.org/vscode-languageserver-types/-/vscode-languageserver-types-3.5.0.tgz",
      "integrity": "sha1-5I15li8LjgLelV4/UkkI4rGcA3Q=",
      "dev": true
    },
    "vscode-nls": {
      "version": "2.0.2",
      "resolved": "https://registry.npmjs.org/vscode-nls/-/vscode-nls-2.0.2.tgz",
      "integrity": "sha1-gIUiOAhEuK0VNJmvXDsDkhrqAto=",
      "dev": true
    }
  }
}
